[[package]]
name = "bidict"
version = "0.22.0"
description = "The bidirectional mapping library for Python."
category = "main"
optional = false
python-versions = ">=3.7"

[[package]]
name = "Bootstrap-Flask"
version = "2.1.0"
description = "Bootstrap 4 & 5 helper for your Flask projects."
category = "main"
optional = false
python-versions = "*"

[package.dependencies]
Flask = "*"
WTForms = "*"

[[package]]
name = "cachelib"
version = "0.9.0"
description = "A collection of cache libraries in the same API interface."
category = "main"
optional = false
python-versions = ">=3.7"

[[package]]
name = "click"
version = "8.1.3"
description = "Composable command line interface toolkit"
category = "main"
optional = false
python-versions = ">=3.7"

[package.dependencies]
colorama = {version = "*", markers = "platform_system == \"Windows\""}

[[package]]
name = "colorama"
version = "0.4.6"
description = "Cross-platform colored terminal text."
category = "main"
optional = false
python-versions = "!=3.0.*,!=3.1.*,!=3.2.*,!=3.3.*,!=3.4.*,!=3.5.*,!=3.6.*,>=2.7"

[[package]]
name = "Flask"
version = "2.2.2"
description = "A simple framework for building complex web applications."
category = "main"
optional = false
python-versions = ">=3.7"

[package.dependencies]
click = ">=8.0"
itsdangerous = ">=2.0"
Jinja2 = ">=3.0"
Werkzeug = ">=2.2.2"

[package.extras]
async = ["asgiref (>=3.2)"]
dotenv = ["python-dotenv"]

[[package]]
name = "Flask-Caching"
version = "2.0.1"
description = "Adds caching support to Flask applications."
category = "main"
optional = false
python-versions = ">=3.7"

[package.dependencies]
cachelib = ">=0.9.0"
Flask = "<3"

[[package]]
name = "Flask-SocketIO"
version = "5.3.1"
description = "Socket.IO integration for Flask applications"
category = "main"
optional = false
python-versions = ">=3.6"

[package.dependencies]
Flask = ">=0.9"
python-socketio = ">=5.0.2"

[[package]]
name = "Flask-WTF"
version = "1.0.1"
description = "Form rendering, validation, and CSRF protection for Flask with WTForms."
category = "main"
optional = false
python-versions = ">=3.6"

[package.dependencies]
Flask = "*"
itsdangerous = "*"
WTForms = "*"

[package.extras]
email = ["email-validator"]

[[package]]
name = "itsdangerous"
version = "2.1.2"
description = "Safely pass data to untrusted environments and back."
category = "main"
optional = false
python-versions = ">=3.7"

[[package]]
name = "Jinja2"
version = "3.1.2"
description = "A very fast and expressive template engine."
category = "main"
optional = false
python-versions = ">=3.7"

[package.dependencies]
MarkupSafe = ">=2.0"

[package.extras]
i18n = ["Babel (>=2.7)"]

[[package]]
name = "MarkupSafe"
version = "2.1.1"
description = "Safely add untrusted strings to HTML/XML markup."
category = "main"
optional = false
python-versions = ">=3.7"

[[package]]
name = "psutil"
version = "5.9.3"
description = "Cross-platform lib for process and system monitoring in Python."
category = "main"
optional = false
python-versions = ">=2.7, !=3.0.*, !=3.1.*, !=3.2.*, !=3.3.*"

[package.extras]
test = ["enum34", "ipaddress", "mock", "pywin32", "wmi"]

[[package]]
name = "python-engineio"
version = "4.3.4"
description = "Engine.IO server and client for Python"
category = "main"
optional = false
python-versions = ">=3.6"

[package.extras]
asyncio_client = ["aiohttp (>=3.4)"]
client = ["requests (>=2.21.0)", "websocket-client (>=0.54.0)"]

[[package]]
name = "python-socketio"
version = "5.7.2"
description = "Socket.IO server and client for Python"
category = "main"
optional = false
python-versions = ">=3.6"

[package.dependencies]
bidict = ">=0.21.0"
python-engineio = ">=4.3.0"

[package.extras]
asyncio_client = ["aiohttp (>=3.4)"]
client = ["requests (>=2.21.0)", "websocket-client (>=0.54.0)"]

[[package]]
name = "Werkzeug"
version = "2.2.2"
description = "The comprehensive WSGI web application library."
category = "main"
optional = false
python-versions = ">=3.7"

[package.dependencies]
MarkupSafe = ">=2.1.1"

[package.extras]
watchdog = ["watchdog"]

[[package]]
name = "WTForms"
version = "3.0.1"
description = "Form validation and rendering for Python web development."
category = "main"
optional = false
python-versions = ">=3.7"

[package.dependencies]
MarkupSafe = "*"

[package.extras]
email = ["email-validator"]

[metadata]
lock-version = "1.1"
python-versions = "^3.10"
content-hash = "e71642910ad71f2a7a10536076264b494bdd4a84722016bc7be75dee8105a98d"

[metadata.files]
bidict = [
    {file = "bidict-0.22.0-py3-none-any.whl", hash = "sha256:415126d23a0c81e1a8c584a8fb1f6905ea090c772571803aeee0a2242e8e7ba0"},
    {file = "bidict-0.22.0.tar.gz", hash = "sha256:5c826b3e15e97cc6e615de295756847c282a79b79c5430d3bfc909b1ac9f5bd8"},
]
Bootstrap-Flask = [
    {file = "Bootstrap-Flask-2.1.0.tar.gz", hash = "sha256:dc4f9c463727f3a59a6bfb17b7f9d13fd07646ba852f94285542c6a1e4e457e3"},
    {file = "Bootstrap_Flask-2.1.0-py2.py3-none-any.whl", hash = "sha256:52e360421aafbf117f59ed8237391b2a4c77592e35ab7b4566d4fde3b277825a"},
]
cachelib = [
    {file = "cachelib-0.9.0-py3-none-any.whl", hash = "sha256:811ceeb1209d2fe51cd2b62810bd1eccf70feba5c52641532498be5c675493b3"},
    {file = "cachelib-0.9.0.tar.gz", hash = "sha256:38222cc7c1b79a23606de5c2607f4925779e37cdcea1c2ad21b8bae94b5425a5"},
]
click = [
    {file = "click-8.1.3-py3-none-any.whl", hash = "sha256:bb4d8133cb15a609f44e8213d9b391b0809795062913b383c62be0ee95b1db48"},
    {file = "click-8.1.3.tar.gz", hash = "sha256:7682dc8afb30297001674575ea00d1814d808d6a36af415a82bd481d37ba7b8e"},
]
colorama = [
    {file = "colorama-0.4.6-py2.py3-none-any.whl", hash = "sha256:4f1d9991f5acc0ca119f9d443620b77f9d6b33703e51011c16baf57afb285fc6"},
    {file = "colorama-0.4.6.tar.gz", hash = "sha256:08695f5cb7ed6e0531a20572697297273c47b8cae5a63ffc6d6ed5c201be6e44"},
]
Flask = [
    {file = "Flask-2.2.2-py3-none-any.whl", hash = "sha256:b9c46cc36662a7949f34b52d8ec7bb59c0d74ba08ba6cb9ce9adc1d8676d9526"},
    {file = "Flask-2.2.2.tar.gz", hash = "sha256:642c450d19c4ad482f96729bd2a8f6d32554aa1e231f4f6b4e7e5264b16cca2b"},
]
Flask-Caching = [
    {file = "Flask-Caching-2.0.1.tar.gz", hash = "sha256:10df200a03f032af60077befe41779dd94898b67c82040d34e87210b71ba2638"},
    {file = "Flask_Caching-2.0.1-py3-none-any.whl", hash = "sha256:703df847cbe904d8ddffd5f5fb320e236a31cb7bebac4a93d6b1701dd16dbf37"},
]
Flask-SocketIO = [
    {file = "Flask-SocketIO-5.3.1.tar.gz", hash = "sha256:fd0ed0fc1341671d92d5f5b2f5503916deb7aa7e2940e6636cfa2c087c828bf9"},
    {file = "Flask_SocketIO-5.3.1-py3-none-any.whl", hash = "sha256:ff0c721f20bff1e2cfba77948727a8db48f187e89a72fe50c34478ce6efb3353"},
]
Flask-WTF = [
    {file = "Flask-WTF-1.0.1.tar.gz", hash = "sha256:34fe5c6fee0f69b50e30f81a3b7ea16aa1492a771fe9ad0974d164610c09a6c9"},
    {file = "Flask_WTF-1.0.1-py3-none-any.whl", hash = "sha256:9d733658c80be551ce7d5bc13c7a7ac0d80df509be1e23827c847d9520f4359a"},
]
itsdangerous = [
    {file = "itsdangerous-2.1.2-py3-none-any.whl", hash = "sha256:2c2349112351b88699d8d4b6b075022c0808887cb7ad10069318a8b0bc88db44"},
    {file = "itsdangerous-2.1.2.tar.gz", hash = "sha256:5dbbc68b317e5e42f327f9021763545dc3fc3bfe22e6deb96aaf1fc38874156a"},
]
Jinja2 = [
    {file = "Jinja2-3.1.2-py3-none-any.whl", hash = "sha256:6088930bfe239f0e6710546ab9c19c9ef35e29792895fed6e6e31a023a182a61"},
    {file = "Jinja2-3.1.2.tar.gz", hash = "sha256:31351a702a408a9e7595a8fc6150fc3f43bb6bf7e319770cbc0db9df9437e852"},
]
MarkupSafe = [
    {file = "MarkupSafe-2.1.1-cp310-cp310-macosx_10_9_universal2.whl", hash = "sha256:86b1f75c4e7c2ac2ccdaec2b9022845dbb81880ca318bb7a0a01fbf7813e3812"},
    {file = "MarkupSafe-2.1.1-cp310-cp310-macosx_10_9_x86_64.whl", hash = "sha256:f121a1420d4e173a5d96e47e9a0c0dcff965afdf1626d28de1460815f7c4ee7a"},
    {file = "MarkupSafe-2.1.1-cp310-cp310-manylinux_2_17_aarch64.manylinux2014_aarch64.whl", hash = "sha256:a49907dd8420c5685cfa064a1335b6754b74541bbb3706c259c02ed65b644b3e"},
    {file = "MarkupSafe-2.1.1-cp310-cp310-manylinux_2_17_x86_64.manylinux2014_x86_64.whl", hash = "sha256:10c1bfff05d95783da83491be968e8fe789263689c02724e0c691933c52994f5"},
    {file = "MarkupSafe-2.1.1-cp310-cp310-manylinux_2_5_i686.manylinux1_i686.manylinux_2_17_i686.manylinux2014_i686.whl", hash = "sha256:b7bd98b796e2b6553da7225aeb61f447f80a1ca64f41d83612e6139ca5213aa4"},
    {file = "MarkupSafe-2.1.1-cp310-cp310-musllinux_1_1_aarch64.whl", hash = "sha256:b09bf97215625a311f669476f44b8b318b075847b49316d3e28c08e41a7a573f"},
    {file = "MarkupSafe-2.1.1-cp310-cp310-musllinux_1_1_i686.whl", hash = "sha256:694deca8d702d5db21ec83983ce0bb4b26a578e71fbdbd4fdcd387daa90e4d5e"},
    {file = "MarkupSafe-2.1.1-cp310-cp310-musllinux_1_1_x86_64.whl", hash = "sha256:efc1913fd2ca4f334418481c7e595c00aad186563bbc1ec76067848c7ca0a933"},
    {file = "MarkupSafe-2.1.1-cp310-cp310-win32.whl", hash = "sha256:4a33dea2b688b3190ee12bd7cfa29d39c9ed176bda40bfa11099a3ce5d3a7ac6"},
    {file = "MarkupSafe-2.1.1-cp310-cp310-win_amd64.whl", hash = "sha256:dda30ba7e87fbbb7eab1ec9f58678558fd9a6b8b853530e176eabd064da81417"},
    {file = "MarkupSafe-2.1.1-cp37-cp37m-macosx_10_9_x86_64.whl", hash = "sha256:671cd1187ed5e62818414afe79ed29da836dde67166a9fac6d435873c44fdd02"},
    {file = "MarkupSafe-2.1.1-cp37-cp37m-manylinux_2_17_aarch64.manylinux2014_aarch64.whl", hash = "sha256:3799351e2336dc91ea70b034983ee71cf2f9533cdff7c14c90ea126bfd95d65a"},
    {file = "MarkupSafe-2.1.1-cp37-cp37m-manylinux_2_17_x86_64.manylinux2014_x86_64.whl", hash = "sha256:e72591e9ecd94d7feb70c1cbd7be7b3ebea3f548870aa91e2732960fa4d57a37"},
    {file = "MarkupSafe-2.1.1-cp37-cp37m-manylinux_2_5_i686.manylinux1_i686.manylinux_2_17_i686.manylinux2014_i686.whl", hash = "sha256:6fbf47b5d3728c6aea2abb0589b5d30459e369baa772e0f37a0320185e87c980"},
    {file = "MarkupSafe-2.1.1-cp37-cp37m-musllinux_1_1_aarch64.whl", hash = "sha256:d5ee4f386140395a2c818d149221149c54849dfcfcb9f1debfe07a8b8bd63f9a"},
    {file = "MarkupSafe-2.1.1-cp37-cp37m-musllinux_1_1_i686.whl", hash = "sha256:bcb3ed405ed3222f9904899563d6fc492ff75cce56cba05e32eff40e6acbeaa3"},
    {file = "MarkupSafe-2.1.1-cp37-cp37m-musllinux_1_1_x86_64.whl", hash = "sha256:e1c0b87e09fa55a220f058d1d49d3fb8df88fbfab58558f1198e08c1e1de842a"},
    {file = "MarkupSafe-2.1.1-cp37-cp37m-win32.whl", hash = "sha256:8dc1c72a69aa7e082593c4a203dcf94ddb74bb5c8a731e4e1eb68d031e8498ff"},
    {file = "MarkupSafe-2.1.1-cp37-cp37m-win_amd64.whl", hash = "sha256:97a68e6ada378df82bc9f16b800ab77cbf4b2fada0081794318520138c088e4a"},
    {file = "MarkupSafe-2.1.1-cp38-cp38-macosx_10_9_universal2.whl", hash = "sha256:e8c843bbcda3a2f1e3c2ab25913c80a3c5376cd00c6e8c4a86a89a28c8dc5452"},
    {file = "MarkupSafe-2.1.1-cp38-cp38-macosx_10_9_x86_64.whl", hash = "sha256:0212a68688482dc52b2d45013df70d169f542b7394fc744c02a57374a4207003"},
    {file = "MarkupSafe-2.1.1-cp38-cp38-manylinux_2_17_aarch64.manylinux2014_aarch64.whl", hash = "sha256:8e576a51ad59e4bfaac456023a78f6b5e6e7651dcd383bcc3e18d06f9b55d6d1"},
    {file = "MarkupSafe-2.1.1-cp38-cp38-manylinux_2_17_x86_64.manylinux2014_x86_64.whl", hash = "sha256:4b9fe39a2ccc108a4accc2676e77da025ce383c108593d65cc909add5c3bd601"},
    {file = "MarkupSafe-2.1.1-cp38-cp38-manylinux_2_5_i686.manylinux1_i686.manylinux_2_17_i686.manylinux2014_i686.whl", hash = "sha256:96e37a3dc86e80bf81758c152fe66dbf60ed5eca3d26305edf01892257049925"},
    {file = "MarkupSafe-2.1.1-cp38-cp38-musllinux_1_1_aarch64.whl", hash = "sha256:6d0072fea50feec76a4c418096652f2c3238eaa014b2f94aeb1d56a66b41403f"},
    {file = "MarkupSafe-2.1.1-cp38-cp38-musllinux_1_1_i686.whl", hash = "sha256:089cf3dbf0cd6c100f02945abeb18484bd1ee57a079aefd52cffd17fba910b88"},
    {file = "MarkupSafe-2.1.1-cp38-cp38-musllinux_1_1_x86_64.whl", hash = "sha256:6a074d34ee7a5ce3effbc526b7083ec9731bb3cbf921bbe1d3005d4d2bdb3a63"},
    {file = "MarkupSafe-2.1.1-cp38-cp38-win32.whl", hash = "sha256:421be9fbf0ffe9ffd7a378aafebbf6f4602d564d34be190fc19a193232fd12b1"},
    {file = "MarkupSafe-2.1.1-cp38-cp38-win_amd64.whl", hash = "sha256:fc7b548b17d238737688817ab67deebb30e8073c95749d55538ed473130ec0c7"},
    {file = "MarkupSafe-2.1.1-cp39-cp39-macosx_10_9_universal2.whl", hash = "sha256:e04e26803c9c3851c931eac40c695602c6295b8d432cbe78609649ad9bd2da8a"},
    {file = "MarkupSafe-2.1.1-cp39-cp39-macosx_10_9_x86_64.whl", hash = "sha256:b87db4360013327109564f0e591bd2a3b318547bcef31b468a92ee504d07ae4f"},
    {file = "MarkupSafe-2.1.1-cp39-cp39-manylinux_2_17_aarch64.manylinux2014_aarch64.whl", hash = "sha256:99a2a507ed3ac881b975a2976d59f38c19386d128e7a9a18b7df6fff1fd4c1d6"},
    {file = "MarkupSafe-2.1.1-cp39-cp39-manylinux_2_17_x86_64.manylinux2014_x86_64.whl", hash = "sha256:56442863ed2b06d19c37f94d999035e15ee982988920e12a5b4ba29b62ad1f77"},
    {file = "MarkupSafe-2.1.1-cp39-cp39-manylinux_2_5_i686.manylinux1_i686.manylinux_2_17_i686.manylinux2014_i686.whl", hash = "sha256:3ce11ee3f23f79dbd06fb3d63e2f6af7b12db1d46932fe7bd8afa259a5996603"},
    {file = "MarkupSafe-2.1.1-cp39-cp39-musllinux_1_1_aarch64.whl", hash = "sha256:33b74d289bd2f5e527beadcaa3f401e0df0a89927c1559c8566c066fa4248ab7"},
    {file = "MarkupSafe-2.1.1-cp39-cp39-musllinux_1_1_i686.whl", hash = "sha256:43093fb83d8343aac0b1baa75516da6092f58f41200907ef92448ecab8825135"},
    {file = "MarkupSafe-2.1.1-cp39-cp39-musllinux_1_1_x86_64.whl", hash = "sha256:8e3dcf21f367459434c18e71b2a9532d96547aef8a871872a5bd69a715c15f96"},
    {file = "MarkupSafe-2.1.1-cp39-cp39-win32.whl", hash = "sha256:d4306c36ca495956b6d568d276ac11fdd9c30a36f1b6eb928070dc5360b22e1c"},
    {file = "MarkupSafe-2.1.1-cp39-cp39-win_amd64.whl", hash = "sha256:46d00d6cfecdde84d40e572d63735ef81423ad31184100411e6e3388d405e247"},
    {file = "MarkupSafe-2.1.1.tar.gz", hash = "sha256:7f91197cc9e48f989d12e4e6fbc46495c446636dfc81b9ccf50bb0ec74b91d4b"},
]
psutil = [
    {file = "psutil-5.9.3-cp27-cp27m-macosx_10_9_x86_64.whl", hash = "sha256:b4a247cd3feaae39bb6085fcebf35b3b8ecd9b022db796d89c8f05067ca28e71"},
    {file = "psutil-5.9.3-cp27-cp27m-manylinux2010_i686.whl", hash = "sha256:5fa88e3d5d0b480602553d362c4b33a63e0c40bfea7312a7bf78799e01e0810b"},
    {file = "psutil-5.9.3-cp27-cp27m-manylinux2010_x86_64.whl", hash = "sha256:767ef4fa33acda16703725c0473a91e1832d296c37c63896c7153ba81698f1ab"},
    {file = "psutil-5.9.3-cp27-cp27m-win32.whl", hash = "sha256:9a4af6ed1094f867834f5f07acd1250605a0874169a5fcadbcec864aec2496a6"},
    {file = "psutil-5.9.3-cp27-cp27m-win_amd64.whl", hash = "sha256:fa5e32c7d9b60b2528108ade2929b115167fe98d59f89555574715054f50fa31"},
    {file = "psutil-5.9.3-cp27-cp27mu-manylinux2010_i686.whl", hash = "sha256:fe79b4ad4836e3da6c4650cb85a663b3a51aef22e1a829c384e18fae87e5e727"},
    {file = "psutil-5.9.3-cp27-cp27mu-manylinux2010_x86_64.whl", hash = "sha256:db8e62016add2235cc87fb7ea000ede9e4ca0aa1f221b40cef049d02d5d2593d"},
    {file = "psutil-5.9.3-cp310-cp310-macosx_10_9_x86_64.whl", hash = "sha256:941a6c2c591da455d760121b44097781bc970be40e0e43081b9139da485ad5b7"},
    {file = "psutil-5.9.3-cp310-cp310-macosx_11_0_arm64.whl", hash = "sha256:71b1206e7909792d16933a0d2c1c7f04ae196186c51ba8567abae1d041f06dcb"},
    {file = "psutil-5.9.3-cp310-cp310-manylinux_2_12_i686.manylinux2010_i686.manylinux_2_17_i686.manylinux2014_i686.whl", hash = "sha256:f57d63a2b5beaf797b87024d018772439f9d3103a395627b77d17a8d72009543"},
    {file = "psutil-5.9.3-cp310-cp310-manylinux_2_12_x86_64.manylinux2010_x86_64.manylinux_2_17_x86_64.manylinux2014_x86_64.whl", hash = "sha256:e7507f6c7b0262d3e7b0eeda15045bf5881f4ada70473b87bc7b7c93b992a7d7"},
    {file = "psutil-5.9.3-cp310-cp310-win32.whl", hash = "sha256:1b540599481c73408f6b392cdffef5b01e8ff7a2ac8caae0a91b8222e88e8f1e"},
    {file = "psutil-5.9.3-cp310-cp310-win_amd64.whl", hash = "sha256:547ebb02031fdada635452250ff39942db8310b5c4a8102dfe9384ee5791e650"},
    {file = "psutil-5.9.3-cp36-cp36m-macosx_10_9_x86_64.whl", hash = "sha256:d8c3cc6bb76492133474e130a12351a325336c01c96a24aae731abf5a47fe088"},
    {file = "psutil-5.9.3-cp36-cp36m-manylinux_2_12_i686.manylinux2010_i686.manylinux_2_17_i686.manylinux2014_i686.whl", hash = "sha256:07d880053c6461c9b89cd5d4808f3b8336665fa3acdefd6777662c5ed73a851a"},
    {file = "psutil-5.9.3-cp36-cp36m-manylinux_2_12_x86_64.manylinux2010_x86_64.manylinux_2_17_x86_64.manylinux2014_x86_64.whl", hash = "sha256:5e8b50241dd3c2ed498507f87a6602825073c07f3b7e9560c58411c14fe1e1c9"},
    {file = "psutil-5.9.3-cp36-cp36m-win32.whl", hash = "sha256:828c9dc9478b34ab96be75c81942d8df0c2bb49edbb481f597314d92b6441d89"},
    {file = "psutil-5.9.3-cp36-cp36m-win_amd64.whl", hash = "sha256:ed15edb14f52925869250b1375f0ff58ca5c4fa8adefe4883cfb0737d32f5c02"},
    {file = "psutil-5.9.3-cp37-cp37m-macosx_10_9_x86_64.whl", hash = "sha256:d266cd05bd4a95ca1c2b9b5aac50d249cf7c94a542f47e0b22928ddf8b80d1ef"},
    {file = "psutil-5.9.3-cp37-cp37m-manylinux_2_12_i686.manylinux2010_i686.manylinux_2_17_i686.manylinux2014_i686.whl", hash = "sha256:7e4939ff75149b67aef77980409f156f0082fa36accc475d45c705bb00c6c16a"},
    {file = "psutil-5.9.3-cp37-cp37m-manylinux_2_12_x86_64.manylinux2010_x86_64.manylinux_2_17_x86_64.manylinux2014_x86_64.whl", hash = "sha256:68fa227c32240c52982cb931801c5707a7f96dd8927f9102d6c7771ea1ff5698"},
    {file = "psutil-5.9.3-cp37-cp37m-win32.whl", hash = "sha256:beb57d8a1ca0ae0eb3d08ccaceb77e1a6d93606f0e1754f0d60a6ebd5c288837"},
    {file = "psutil-5.9.3-cp37-cp37m-win_amd64.whl", hash = "sha256:12500d761ac091f2426567f19f95fd3f15a197d96befb44a5c1e3cbe6db5752c"},
    {file = "psutil-5.9.3-cp38-cp38-macosx_10_9_x86_64.whl", hash = "sha256:ba38cf9984d5462b506e239cf4bc24e84ead4b1d71a3be35e66dad0d13ded7c1"},
    {file = "psutil-5.9.3-cp38-cp38-macosx_11_0_arm64.whl", hash = "sha256:46907fa62acaac364fff0b8a9da7b360265d217e4fdeaca0a2397a6883dffba2"},
    {file = "psutil-5.9.3-cp38-cp38-manylinux_2_12_i686.manylinux2010_i686.manylinux_2_17_i686.manylinux2014_i686.whl", hash = "sha256:a04a1836894c8279e5e0a0127c0db8e198ca133d28be8a2a72b4db16f6cf99c1"},
    {file = "psutil-5.9.3-cp38-cp38-manylinux_2_12_x86_64.manylinux2010_x86_64.manylinux_2_17_x86_64.manylinux2014_x86_64.whl", hash = "sha256:8a4e07611997acf178ad13b842377e3d8e9d0a5bac43ece9bfc22a96735d9a4f"},
    {file = "psutil-5.9.3-cp38-cp38-win32.whl", hash = "sha256:6ced1ad823ecfa7d3ce26fe8aa4996e2e53fb49b7fed8ad81c80958501ec0619"},
    {file = "psutil-5.9.3-cp38-cp38-win_amd64.whl", hash = "sha256:35feafe232d1aaf35d51bd42790cbccb882456f9f18cdc411532902370d660df"},
    {file = "psutil-5.9.3-cp39-cp39-macosx_10_9_x86_64.whl", hash = "sha256:538fcf6ae856b5e12d13d7da25ad67f02113c96f5989e6ad44422cb5994ca7fc"},
    {file = "psutil-5.9.3-cp39-cp39-macosx_11_0_arm64.whl", hash = "sha256:a3d81165b8474087bb90ec4f333a638ccfd1d69d34a9b4a1a7eaac06648f9fbe"},
    {file = "psutil-5.9.3-cp39-cp39-manylinux_2_12_i686.manylinux2010_i686.manylinux_2_17_i686.manylinux2014_i686.whl", hash = "sha256:3a7826e68b0cf4ce2c1ee385d64eab7d70e3133171376cac53d7c1790357ec8f"},
    {file = "psutil-5.9.3-cp39-cp39-manylinux_2_12_x86_64.manylinux2010_x86_64.manylinux_2_17_x86_64.manylinux2014_x86_64.whl", hash = "sha256:9ec296f565191f89c48f33d9544d8d82b0d2af7dd7d2d4e6319f27a818f8d1cc"},
    {file = "psutil-5.9.3-cp39-cp39-win32.whl", hash = "sha256:9ec95df684583b5596c82bb380c53a603bb051cf019d5c849c47e117c5064395"},
    {file = "psutil-5.9.3-cp39-cp39-win_amd64.whl", hash = "sha256:4bd4854f0c83aa84a5a40d3b5d0eb1f3c128f4146371e03baed4589fe4f3c931"},
    {file = "psutil-5.9.3.tar.gz", hash = "sha256:7ccfcdfea4fc4b0a02ca2c31de7fcd186beb9cff8207800e14ab66f79c773af6"},
]
python-engineio = [
    {file = "python-engineio-4.3.4.tar.gz", hash = "sha256:d8d8b072799c36cadcdcc2b40d2a560ce09797ab3d2d596b2ad519a5e4df19ae"},
    {file = "python_engineio-4.3.4-py3-none-any.whl", hash = "sha256:7454314a529bba20e745928601ffeaf101c1b5aca9a6c4e48ad397803d10ea0c"},
]
python-socketio = [
    {file = "python-socketio-5.7.2.tar.gz", hash = "sha256:92395062d9db3c13d30e7cdedaa0e1330bba78505645db695415f9a3c628d097"},
    {file = "python_socketio-5.7.2-py3-none-any.whl", hash = "sha256:d9a9f047e6fdd306c852fbac36516f4b495c2096f8ad9ceb8803b8e5ff5622e3"},
]
Werkzeug = [
    {file = "Werkzeug-2.2.2-py3-none-any.whl", hash = "sha256:f979ab81f58d7318e064e99c4506445d60135ac5cd2e177a2de0089bfd4c9bd5"},
    {file = "Werkzeug-2.2.2.tar.gz", hash = "sha256:7ea2d48322cc7c0f8b3a215ed73eabd7b5d75d0b50e31ab006286ccff9e00b8f"},
]
WTForms = [
    {file = "WTForms-3.0.1-py3-none-any.whl", hash = "sha256:837f2f0e0ca79481b92884962b914eba4e72b7a2daaf1f939c890ed0124b834b"},
    {file = "WTForms-3.0.1.tar.gz", hash = "sha256:6b351bbb12dd58af57ffef05bc78425d08d1914e0fd68ee14143b7ade023c5bc"},
]
